<?xml version="1.0" encoding="utf-8"?>
<Project ToolsVersion="16.0" xmlns="http://schemas.microsoft.com/developer/msbuild/2003">
  <ItemGroup>
    <ClCompile Include="C:\Users\hky75\Documents\GitHub\hlsdk-xash3d\dlls\crossbow.cpp">
      <Filter>Source Files</Filter>
    </ClCompile>
    <ClCompile Include="C:\Users\hky75\Documents\GitHub\hlsdk-xash3d\dlls\crowbar.cpp">
      <Filter>Source Files</Filter>
    </ClCompile>
    <ClCompile Include="C:\Users\hky75\Documents\GitHub\hlsdk-xash3d\dlls\egon.cpp">
      <Filter>Source Files</Filter>
    </ClCompile>
    <ClCompile Include="C:\Users\hky75\Documents\GitHub\hlsdk-xash3d\dlls\gauss.cpp">
      <Filter>Source Files</Filter>
    </ClCompile>
    <ClCompile Include="C:\Users\hky75\Documents\GitHub\hlsdk-xash3d\dlls\handgrenade.cpp">
      <Filter>Source Files</Filter>
    </ClCompile>
    <ClCompile Include="C:\Users\hky75\Documents\GitHub\hlsdk-xash3d\dlls\hornetgun.cpp">
      <Filter>Source Files</Filter>
    </ClCompile>
    <ClCompile Include="C:\Users\hky75\Documents\GitHub\hlsdk-xash3d\dlls\mp5.cpp">
      <Filter>Source Files</Filter>
    </ClCompile>
    <ClCompile Include="C:\Users\hky75\Documents\GitHub\hlsdk-xash3d\dlls\python.cpp">
      <Filter>Source Files</Filter>
    </ClCompile>
    <ClCompile Include="C:\Users\hky75\Documents\GitHub\hlsdk-xash3d\dlls\rpg.cpp">
      <Filter>Source Files</Filter>
    </ClCompile>
    <ClCompile Include="C:\Users\hky75\Documents\GitHub\hlsdk-xash3d\dlls\satchel.cpp">
      <Filter>Source Files</Filter>
    </ClCompile>
    <ClCompile Include="C:\Users\hky75\Documents\GitHub\hlsdk-xash3d\dlls\shotgun.cpp">
      <Filter>Source Files</Filter>
    </ClCompile>
    <ClCompile Include="C:\Users\hky75\Documents\GitHub\hlsdk-xash3d\dlls\squeakgrenade.cpp">
      <Filter>Source Files</Filter>
    </ClCompile>
    <ClCompile Include="C:\Users\hky75\Documents\GitHub\hlsdk-xash3d\dlls\tripmine.cpp">
      <Filter>Source Files</Filter>
    </ClCompile>
    <ClCompile Include="C:\Users\hky75\Documents\GitHub\hlsdk-xash3d\dlls\glock.cpp">
      <Filter>Source Files</Filter>
    </ClCompile>
    <ClCompile Include="C:\Users\hky75\Documents\GitHub\hlsdk-xash3d\cl_dll\ev_hldm.cpp">
      <Filter>Source Files</Filter>
    </ClCompile>
    <ClCompile Include="C:\Users\hky75\Documents\GitHub\hlsdk-xash3d\cl_dll\ammo.cpp">
      <Filter>Source Files</Filter>
    </ClCompile>
    <ClCompile Include="C:\Users\hky75\Documents\GitHub\hlsdk-xash3d\cl_dll\ammo_secondary.cpp">
      <Filter>Source Files</Filter>
    </ClCompile>
    <ClCompile Include="C:\Users\hky75\Documents\GitHub\hlsdk-xash3d\cl_dll\ammohistory.cpp">
      <Filter>Source Files</Filter>
    </ClCompile>
    <ClCompile Include="C:\Users\hky75\Documents\GitHub\hlsdk-xash3d\cl_dll\battery.cpp">
      <Filter>Source Files</Filter>
    </ClCompile>
    <ClCompile Include="C:\Users\hky75\Documents\GitHub\hlsdk-xash3d\cl_dll\cdll_int.cpp">
      <Filter>Source Files</Filter>
    </ClCompile>
    <ClCompile Include="C:\Users\hky75\Documents\GitHub\hlsdk-xash3d\cl_dll\com_weapons.cpp">
      <Filter>Source Files</Filter>
    </ClCompile>
    <ClCompile Include="C:\Users\hky75\Documents\GitHub\hlsdk-xash3d\cl_dll\death.cpp">
      <Filter>Source Files</Filter>
    </ClCompile>
    <ClCompile Include="C:\Users\hky75\Documents\GitHub\hlsdk-xash3d\cl_dll\demo.cpp">
      <Filter>Source Files</Filter>
    </ClCompile>
    <ClCompile Include="C:\Users\hky75\Documents\GitHub\hlsdk-xash3d\cl_dll\entity.cpp">
      <Filter>Source Files</Filter>
    </ClCompile>
    <ClCompile Include="C:\Users\hky75\Documents\GitHub\hlsdk-xash3d\cl_dll\ev_common.cpp">
      <Filter>Source Files</Filter>
    </ClCompile>
    <ClCompile Include="C:\Users\hky75\Documents\GitHub\hlsdk-xash3d\cl_dll\events.cpp">
      <Filter>Source Files</Filter>
    </ClCompile>
    <ClCompile Include="C:\Users\hky75\Documents\GitHub\hlsdk-xash3d\cl_dll\flashlight.cpp">
      <Filter>Source Files</Filter>
    </ClCompile>
    <ClCompile Include="C:\Users\hky75\Documents\GitHub\hlsdk-xash3d\cl_dll\GameStudioModelRenderer.cpp">
      <Filter>Source Files</Filter>
    </ClCompile>
    <ClCompile Include="C:\Users\hky75\Documents\GitHub\hlsdk-xash3d\cl_dll\geiger.cpp">
      <Filter>Source Files</Filter>
    </ClCompile>
    <ClCompile Include="C:\Users\hky75\Documents\GitHub\hlsdk-xash3d\cl_dll\health.cpp">
      <Filter>Source Files</Filter>
    </ClCompile>
    <ClCompile Include="C:\Users\hky75\Documents\GitHub\hlsdk-xash3d\cl_dll\hud.cpp">
      <Filter>Source Files</Filter>
    </ClCompile>
    <ClCompile Include="C:\Users\hky75\Documents\GitHub\hlsdk-xash3d\cl_dll\hud_msg.cpp">
      <Filter>Source Files</Filter>
    </ClCompile>
    <ClCompile Include="C:\Users\hky75\Documents\GitHub\hlsdk-xash3d\cl_dll\hud_redraw.cpp">
      <Filter>Source Files</Filter>
    </ClCompile>
    <ClCompile Include="C:\Users\hky75\Documents\GitHub\hlsdk-xash3d\cl_dll\hud_spectator.cpp">
      <Filter>Source Files</Filter>
    </ClCompile>
    <ClCompile Include="C:\Users\hky75\Documents\GitHub\hlsdk-xash3d\cl_dll\hud_update.cpp">
      <Filter>Source Files</Filter>
    </ClCompile>
    <ClCompile Include="C:\Users\hky75\Documents\GitHub\hlsdk-xash3d\cl_dll\in_camera.cpp">
      <Filter>Source Files</Filter>
    </ClCompile>
    <ClCompile Include="C:\Users\hky75\Documents\GitHub\hlsdk-xash3d\cl_dll\input.cpp">
      <Filter>Source Files</Filter>
    </ClCompile>
    <ClCompile Include="C:\Users\hky75\Documents\GitHub\hlsdk-xash3d\cl_dll\input_goldsource.cpp">
      <Filter>Source Files</Filter>
    </ClCompile>
    <ClCompile Include="C:\Users\hky75\Documents\GitHub\hlsdk-xash3d\cl_dll\input_mouse.cpp">
      <Filter>Source Files</Filter>
    </ClCompile>
    <ClCompile Include="C:\Users\hky75\Documents\GitHub\hlsdk-xash3d\cl_dll\input_xash3d.cpp">
      <Filter>Source Files</Filter>
    </ClCompile>
    <ClCompile Include="C:\Users\hky75\Documents\GitHub\hlsdk-xash3d\cl_dll\menu.cpp">
      <Filter>Source Files</Filter>
    </ClCompile>
    <ClCompile Include="C:\Users\hky75\Documents\GitHub\hlsdk-xash3d\cl_dll\message.cpp">
      <Filter>Source Files</Filter>
    </ClCompile>
    <ClCompile Include="C:\Users\hky75\Documents\GitHub\hlsdk-xash3d\cl_dll\overview.cpp">
      <Filter>Source Files</Filter>
    </ClCompile>
    <ClCompile Include="C:\Users\hky75\Documents\GitHub\hlsdk-xash3d\cl_dll\parsemsg.cpp">
      <Filter>Source Files</Filter>
    </ClCompile>
    <ClCompile Include="C:\Users\hky75\Documents\GitHub\hlsdk-xash3d\pm_shared\pm_debug.c">
      <Filter>Source Files</Filter>
    </ClCompile>
    <ClCompile Include="C:\Users\hky75\Documents\GitHub\hlsdk-xash3d\pm_shared\pm_math.c">
      <Filter>Source Files</Filter>
    </ClCompile>
    <ClCompile Include="C:\Users\hky75\Documents\GitHub\hlsdk-xash3d\pm_shared\pm_shared.c">
      <Filter>Source Files</Filter>
    </ClCompile>
    <ClCompile Include="C:\Users\hky75\Documents\GitHub\hlsdk-xash3d\cl_dll\saytext.cpp">
      <Filter>Source Files</Filter>
    </ClCompile>
    <ClCompile Include="C:\Users\hky75\Documents\GitHub\hlsdk-xash3d\cl_dll\status_icons.cpp">
      <Filter>Source Files</Filter>
    </ClCompile>
    <ClCompile Include="C:\Users\hky75\Documents\GitHub\hlsdk-xash3d\cl_dll\statusbar.cpp">
      <Filter>Source Files</Filter>
    </ClCompile>
    <ClCompile Include="C:\Users\hky75\Documents\GitHub\hlsdk-xash3d\cl_dll\studio_util.cpp">
      <Filter>Source Files</Filter>
    </ClCompile>
    <ClCompile Include="C:\Users\hky75\Documents\GitHub\hlsdk-xash3d\cl_dll\StudioModelRenderer.cpp">
      <Filter>Source Files</Filter>
    </ClCompile>
    <ClCompile Include="C:\Users\hky75\Documents\GitHub\hlsdk-xash3d\cl_dll\text_message.cpp">
      <Filter>Source Files</Filter>
    </ClCompile>
    <ClCompile Include="C:\Users\hky75\Documents\GitHub\hlsdk-xash3d\cl_dll\train.cpp">
      <Filter>Source Files</Filter>
    </ClCompile>
    <ClCompile Include="C:\Users\hky75\Documents\GitHub\hlsdk-xash3d\cl_dll\tri.cpp">
      <Filter>Source Files</Filter>
    </ClCompile>
    <ClCompile Include="C:\Users\hky75\Documents\GitHub\hlsdk-xash3d\cl_dll\util.cpp">
      <Filter>Source Files</Filter>
    </ClCompile>
    <ClCompile Include="C:\Users\hky75\Documents\GitHub\hlsdk-xash3d\cl_dll\view.cpp">
      <Filter>Source Files</Filter>
    </ClCompile>
    <ClCompile Include="C:\Users\hky75\Documents\GitHub\hlsdk-xash3d\cl_dll\scoreboard.cpp">
      <Filter>Source Files</Filter>
    </ClCompile>
    <ClCompile Include="C:\Users\hky75\Documents\GitHub\hlsdk-xash3d\cl_dll\MOTD.cpp">
      <Filter>Source Files</Filter>
    </ClCompile>
    <ClCompile Include="..\..\cl_dll\UF\client.cpp">
      <Filter>Source Files\UF</Filter>
    </ClCompile>
    <ClCompile Include="..\..\cl_dll\UF\weapon.cpp">
      <Filter>Source Files\UF</Filter>
    </ClCompile>
    <ClCompile Include="..\..\cl_dll\UF\wpn_bat.cpp">
      <Filter>Source Files\UF</Filter>
    </ClCompile>
    <ClCompile Include="..\..\cl_dll\UF\wpn_bonesaw.cpp">
      <Filter>Source Files\UF</Filter>
    </ClCompile>
    <ClCompile Include="..\..\cl_dll\UF\wpn_bottle.cpp">
      <Filter>Source Files\UF</Filter>
    </ClCompile>
    <ClCompile Include="..\..\cl_dll\UF\wpn_buildpda.cpp">
      <Filter>Source Files\UF</Filter>
    </ClCompile>
    <ClCompile Include="..\..\cl_dll\UF\wpn_butterfly.cpp">
      <Filter>Source Files\UF</Filter>
    </ClCompile>
    <ClCompile Include="..\..\cl_dll\UF\wpn_destroypda.cpp">
      <Filter>Source Files\UF</Filter>
    </ClCompile>
    <ClCompile Include="..\..\cl_dll\UF\wpn_disguisekit.cpp">
      <Filter>Source Files\UF</Filter>
    </ClCompile>
    <ClCompile Include="..\..\cl_dll\UF\wpn_fireaxe.cpp">
      <Filter>Source Files\UF</Filter>
    </ClCompile>
    <ClCompile Include="..\..\cl_dll\UF\wpn_fist.cpp">
      <Filter>Source Files\UF</Filter>
    </ClCompile>
    <ClCompile Include="..\..\cl_dll\UF\wpn_flamethrower.cpp">
      <Filter>Source Files\UF</Filter>
    </ClCompile>
    <ClCompile Include="..\..\cl_dll\UF\wpn_grenadelauncher.cpp">
      <Filter>Source Files\UF</Filter>
    </ClCompile>
    <ClCompile Include="..\..\cl_dll\UF\wpn_kukri.cpp">
      <Filter>Source Files\UF</Filter>
    </ClCompile>
    <ClCompile Include="..\..\cl_dll\UF\wpn_medigun.cpp">
      <Filter>Source Files\UF</Filter>
    </ClCompile>
    <ClCompile Include="..\..\cl_dll\UF\wpn_minigun.cpp">
      <Filter>Source Files\UF</Filter>
    </ClCompile>
    <ClCompile Include="..\..\cl_dll\UF\wpn_pistol.cpp">
      <Filter>Source Files\UF</Filter>
    </ClCompile>
    <ClCompile Include="..\..\cl_dll\UF\wpn_revolver.cpp">
      <Filter>Source Files\UF</Filter>
    </ClCompile>
    <ClCompile Include="..\..\cl_dll\UF\wpn_rocketlauncher.cpp">
      <Filter>Source Files\UF</Filter>
    </ClCompile>
    <ClCompile Include="..\..\cl_dll\UF\wpn_sapper.cpp">
      <Filter>Source Files\UF</Filter>
    </ClCompile>
    <ClCompile Include="..\..\cl_dll\UF\wpn_scattergun.cpp">
      <Filter>Source Files\UF</Filter>
    </ClCompile>
    <ClCompile Include="..\..\cl_dll\UF\wpn_shotgun.cpp">
      <Filter>Source Files\UF</Filter>
    </ClCompile>
    <ClCompile Include="..\..\cl_dll\UF\wpn_shovel.cpp">
      <Filter>Source Files\UF</Filter>
    </ClCompile>
    <ClCompile Include="..\..\cl_dll\UF\wpn_smg.cpp">
      <Filter>Source Files\UF</Filter>
    </ClCompile>
    <ClCompile Include="..\..\cl_dll\UF\wpn_sniperifle.cpp">
      <Filter>Source Files\UF</Filter>
    </ClCompile>
    <ClCompile Include="..\..\cl_dll\UF\wpn_stickylauncher.cpp">
      <Filter>Source Files\UF</Filter>
    </ClCompile>
    <ClCompile Include="..\..\cl_dll\UF\wpn_syringegun.cpp">
      <Filter>Source Files\UF</Filter>
    </ClCompile>
    <ClCompile Include="..\..\cl_dll\UF\wpn_wrench.cpp">
      <Filter>Source Files\UF</Filter>
    </ClCompile>
    <ClCompile Include="..\..\game_shared\vgui_checkbutton2.cpp">
      <Filter>game_shared</Filter>
    </ClCompile>
    <ClCompile Include="..\..\game_shared\vgui_grid.cpp">
      <Filter>game_shared</Filter>
    </ClCompile>
    <ClCompile Include="..\..\game_shared\vgui_helpers.cpp">
      <Filter>game_shared</Filter>
    </ClCompile>
    <ClCompile Include="..\..\game_shared\vgui_listbox.cpp">
      <Filter>game_shared</Filter>
    </ClCompile>
    <ClCompile Include="..\..\game_shared\vgui_loadtga.cpp">
      <Filter>game_shared</Filter>
    </ClCompile>
    <ClCompile Include="..\..\game_shared\vgui_scrollbar2.cpp">
      <Filter>game_shared</Filter>
    </ClCompile>
    <ClCompile Include="..\..\game_shared\vgui_slider2.cpp">
      <Filter>game_shared</Filter>
    </ClCompile>
    <ClCompile Include="..\..\game_shared\voice_banmgr.cpp">
      <Filter>game_shared</Filter>
    </ClCompile>
    <ClCompile Include="..\..\game_shared\voice_gamemgr.cpp">
      <Filter>game_shared</Filter>
    </ClCompile>
    <ClCompile Include="..\..\game_shared\voice_status.cpp">
      <Filter>game_shared</Filter>
    </ClCompile>
    <ClCompile Include="..\..\game_shared\voice_vgui_tweakdlg.cpp">
      <Filter>game_shared</Filter>
    </ClCompile>
  </ItemGroup>
  <ItemGroup>
    <CustomBuild Include="C:\Users\hky75\Documents\GitHub\hlsdk-xash3d\cl_dll\CMakeLists.txt" />
  </ItemGroup>
  <ItemGroup>
    <Filter Include="Source Files">
      <UniqueIdentifier>{DB328606-13B9-38D8-9872-A524A7323D1C}</UniqueIdentifier>
    </Filter>
    <Filter Include="Source Files\UF">
      <UniqueIdentifier>{68cee33d-1244-4f56-af2e-6cb745e0e4c7}</UniqueIdentifier>
    </Filter>
    <Filter Include="common">
      <UniqueIdentifier>{20b07295-3094-43f4-b1d5-381241c120b4}</UniqueIdentifier>
    </Filter>
    <Filter Include="engine">
      <UniqueIdentifier>{eaa201e8-1011-4bd2-a240-d0d4fc952bac}</UniqueIdentifier>
    </Filter>
    <Filter Include="game_shared">
      <UniqueIdentifier>{9b57e52b-e16b-4e0d-8f9e-de1f470ccfb8}</UniqueIdentifier>
    </Filter>
    <Filter Include="pm_shared">
      <UniqueIdentifier>{9833a4ac-9a4c-41f4-a21d-864e1e2f4c58}</UniqueIdentifier>
    </Filter>
    <Filter Include="public">
      <UniqueIdentifier>{f63a7b59-2b19-477d-a8ec-13e5cff5077e}</UniqueIdentifier>
    </Filter>
    <Filter Include="utils">
      <UniqueIdentifier>{4e2e3ce1-c8b3-49e4-a7b0-99e6434565f9}</UniqueIdentifier>
    </Filter>
  </ItemGroup>
  <ItemGroup>
    <ClInclude Include="..\..\cl_dll\UF\client.h">
      <Filter>Source Files\UF</Filter>
    </ClInclude>
    <ClInclude Include="..\..\cl_dll\UF\util.h">
      <Filter>Source Files\UF</Filter>
    </ClInclude>
    <ClInclude Include="..\..\cl_dll\UF\weapon.h">
      <Filter>Source Files\UF</Filter>
    </ClInclude>
    <ClInclude Include="..\..\common\beamdef.h">
      <Filter>common</Filter>
    </ClInclude>
    <ClInclude Include="..\..\common\ckfvars.h">
      <Filter>common</Filter>
    </ClInclude>
    <ClInclude Include="..\..\common\cl_entity.h">
      <Filter>common</Filter>
    </ClInclude>
    <ClInclude Include="..\..\common\com_model.h">
      <Filter>common</Filter>
    </ClInclude>
    <ClInclude Include="..\..\common\con_nprint.h">
      <Filter>common</Filter>
    </ClInclude>
    <ClInclude Include="..\..\common\const.h">
      <Filter>common</Filter>
    </ClInclude>
    <ClInclude Include="..\..\common\cvardef.h">
      <Filter>common</Filter>
    </ClInclude>
    <ClInclude Include="..\..\common\demo_api.h">
      <Filter>common</Filter>
    </ClInclude>
    <ClInclude Include="..\..\common\dlight.h">
      <Filter>common</Filter>
    </ClInclude>
    <ClInclude Include="..\..\common\entity_state.h">
      <Filter>common</Filter>
    </ClInclude>
    <ClInclude Include="..\..\common\entity_types.h">
      <Filter>common</Filter>
    </ClInclude>
    <ClInclude Include="..\..\common\event_api.h">
      <Filter>common</Filter>
    </ClInclude>
    <ClInclude Include="..\..\common\event_args.h">
      <Filter>common</Filter>
    </ClInclude>
    <ClInclude Include="..\..\common\event_flags.h">
      <Filter>common</Filter>
    </ClInclude>
    <ClInclude Include="..\..\common\hltv.h">
      <Filter>common</Filter>
    </ClInclude>
    <ClInclude Include="..\..\common\ivoicetweak.h">
      <Filter>common</Filter>
    </ClInclude>
    <ClInclude Include="..\..\common\mathlib.h">
      <Filter>common</Filter>
    </ClInclude>
    <ClInclude Include="..\..\common\net_api.h">
      <Filter>common</Filter>
    </ClInclude>
    <ClInclude Include="..\..\common\netadr.h">
      <Filter>common</Filter>
    </ClInclude>
    <ClInclude Include="..\..\common\particledef.h">
      <Filter>common</Filter>
    </ClInclude>
    <ClInclude Include="..\..\common\pmtrace.h">
      <Filter>common</Filter>
    </ClInclude>
    <ClInclude Include="..\..\common\qfont.h">
      <Filter>common</Filter>
    </ClInclude>
    <ClInclude Include="..\..\common\r_efx.h">
      <Filter>common</Filter>
    </ClInclude>
    <ClInclude Include="..\..\common\r_studioint.h">
      <Filter>common</Filter>
    </ClInclude>
    <ClInclude Include="..\..\common\ref_int.h">
      <Filter>common</Filter>
    </ClInclude>
    <ClInclude Include="..\..\common\ref_params.h">
      <Filter>common</Filter>
    </ClInclude>
    <ClInclude Include="..\..\common\screenfade.h">
      <Filter>common</Filter>
    </ClInclude>
    <ClInclude Include="..\..\common\studio_event.h">
      <Filter>common</Filter>
    </ClInclude>
    <ClInclude Include="..\..\common\triangleapi.h">
      <Filter>common</Filter>
    </ClInclude>
    <ClInclude Include="..\..\common\usercmd.h">
      <Filter>common</Filter>
    </ClInclude>
    <ClInclude Include="..\..\common\wadfile.h">
      <Filter>common</Filter>
    </ClInclude>
    <ClInclude Include="..\..\common\weaponinfo.h">
      <Filter>common</Filter>
    </ClInclude>
    <ClInclude Include="..\..\engine\anorms.h">
      <Filter>engine</Filter>
    </ClInclude>
    <ClInclude Include="..\..\engine\cdll_int.h">
      <Filter>engine</Filter>
    </ClInclude>
    <ClInclude Include="..\..\engine\custom.h">
      <Filter>engine</Filter>
    </ClInclude>
    <ClInclude Include="..\..\engine\customentity.h">
      <Filter>engine</Filter>
    </ClInclude>
    <ClInclude Include="..\..\engine\edict.h">
      <Filter>engine</Filter>
    </ClInclude>
    <ClInclude Include="..\..\engine\eiface.h">
      <Filter>engine</Filter>
    </ClInclude>
    <ClInclude Include="..\..\engine\keydefs.h">
      <Filter>engine</Filter>
    </ClInclude>
    <ClInclude Include="..\..\engine\mobility_int.h">
      <Filter>engine</Filter>
    </ClInclude>
    <ClInclude Include="..\..\engine\progdefs.h">
      <Filter>engine</Filter>
    </ClInclude>
    <ClInclude Include="..\..\engine\shake.h">
      <Filter>engine</Filter>
    </ClInclude>
    <ClInclude Include="..\..\engine\sprite.h">
      <Filter>engine</Filter>
    </ClInclude>
    <ClInclude Include="..\..\engine\studio.h">
      <Filter>engine</Filter>
    </ClInclude>
    <ClInclude Include="..\..\game_shared\bitvec.h">
      <Filter>game_shared</Filter>
    </ClInclude>
    <ClInclude Include="..\..\game_shared\vgui_checkbutton2.h">
      <Filter>game_shared</Filter>
    </ClInclude>
    <ClInclude Include="..\..\game_shared\vgui_defaultinputsignal.h">
      <Filter>game_shared</Filter>
    </ClInclude>
    <ClInclude Include="..\..\game_shared\vgui_grid.h">
      <Filter>game_shared</Filter>
    </ClInclude>
    <ClInclude Include="..\..\game_shared\vgui_helpers.h">
      <Filter>game_shared</Filter>
    </ClInclude>
    <ClInclude Include="..\..\game_shared\vgui_listbox.h">
      <Filter>game_shared</Filter>
    </ClInclude>
    <ClInclude Include="..\..\game_shared\vgui_loadtga.h">
      <Filter>game_shared</Filter>
    </ClInclude>
    <ClInclude Include="..\..\game_shared\vgui_scrollbar2.h">
      <Filter>game_shared</Filter>
    </ClInclude>
    <ClInclude Include="..\..\game_shared\vgui_slider2.h">
      <Filter>game_shared</Filter>
    </ClInclude>
    <ClInclude Include="..\..\game_shared\voice_banmgr.h">
      <Filter>game_shared</Filter>
    </ClInclude>
    <ClInclude Include="..\..\game_shared\voice_common.h">
      <Filter>game_shared</Filter>
    </ClInclude>
    <ClInclude Include="..\..\game_shared\voice_gamemgr.h">
      <Filter>game_shared</Filter>
    </ClInclude>
    <ClInclude Include="..\..\game_shared\voice_status.h">
      <Filter>game_shared</Filter>
    </ClInclude>
    <ClInclude Include="..\..\game_shared\voice_vgui_tweakdlg.h">
      <Filter>game_shared</Filter>
    </ClInclude>
    <ClInclude Include="..\..\utils\false_vgui\include\VGUI.h">
      <Filter>utils</Filter>
    </ClInclude>
    <ClInclude Include="..\..\utils\false_vgui\include\VGUI_App.h">
      <Filter>utils</Filter>
    </ClInclude>
    <ClInclude Include="..\..\utils\false_vgui\include\VGUI_Color.h">
      <Filter>utils</Filter>
    </ClInclude>
    <ClInclude Include="..\..\utils\false_vgui\include\VGUI_Cursor.h">
      <Filter>utils</Filter>
    </ClInclude>
    <ClInclude Include="..\..\utils\false_vgui\include\VGUI_Dar.h">
      <Filter>utils</Filter>
    </ClInclude>
    <ClInclude Include="..\..\utils\false_vgui\include\VGUI_KeyCode.h">
      <Filter>utils</Filter>
    </ClInclude>
    <ClInclude Include="..\..\utils\false_vgui\include\VGUI_MouseCode.h">
      <Filter>utils</Filter>
    </ClInclude>
    <ClInclude Include="..\..\utils\false_vgui\include\VGUI_Panel.h">
      <Filter>utils</Filter>
    </ClInclude>
    <ClInclude Include="..\..\utils\false_vgui\include\VGUI_Scheme.h">
      <Filter>utils</Filter>
    </ClInclude>
    <ClInclude Include="..\..\public\build.h">
      <Filter>public</Filter>
    </ClInclude>
    <ClInclude Include="..\..\pm_shared\pm_debug.h">
      <Filter>pm_shared</Filter>
    </ClInclude>
    <ClInclude Include="..\..\pm_shared\pm_defs.h">
      <Filter>pm_shared</Filter>
    </ClInclude>
    <ClInclude Include="..\..\pm_shared\pm_info.h">
      <Filter>pm_shared</Filter>
    </ClInclude>
    <ClInclude Include="..\..\pm_shared\pm_materials.h">
      <Filter>pm_shared</Filter>
    </ClInclude>
    <ClInclude Include="..\..\pm_shared\pm_movevars.h">
      <Filter>pm_shared</Filter>
    </ClInclude>
    <ClInclude Include="..\..\pm_shared\pm_shared.h">
      <Filter>pm_shared</Filter>
    </ClInclude>
  </ItemGroup>
</Project>