<?xml version="1.0" encoding="utf-8"?>
<Project ToolsVersion="16.0" xmlns="http://schemas.microsoft.com/developer/msbuild/2003">
  <ItemGroup>
    <ClCompile Include="C:\Users\hky75\Documents\GitHub\hlsdk-xash3d\dlls\agrunt.cpp">
      <Filter>Source Files</Filter>
    </ClCompile>
    <ClCompile Include="C:\Users\hky75\Documents\GitHub\hlsdk-xash3d\dlls\airtank.cpp">
      <Filter>Source Files</Filter>
    </ClCompile>
    <ClCompile Include="C:\Users\hky75\Documents\GitHub\hlsdk-xash3d\dlls\aflock.cpp">
      <Filter>Source Files</Filter>
    </ClCompile>
    <ClCompile Include="C:\Users\hky75\Documents\GitHub\hlsdk-xash3d\dlls\animating.cpp">
      <Filter>Source Files</Filter>
    </ClCompile>
    <ClCompile Include="C:\Users\hky75\Documents\GitHub\hlsdk-xash3d\dlls\animation.cpp">
      <Filter>Source Files</Filter>
    </ClCompile>
    <ClCompile Include="C:\Users\hky75\Documents\GitHub\hlsdk-xash3d\dlls\apache.cpp">
      <Filter>Source Files</Filter>
    </ClCompile>
    <ClCompile Include="C:\Users\hky75\Documents\GitHub\hlsdk-xash3d\dlls\barnacle.cpp">
      <Filter>Source Files</Filter>
    </ClCompile>
    <ClCompile Include="C:\Users\hky75\Documents\GitHub\hlsdk-xash3d\dlls\barney.cpp">
      <Filter>Source Files</Filter>
    </ClCompile>
    <ClCompile Include="C:\Users\hky75\Documents\GitHub\hlsdk-xash3d\dlls\bigmomma.cpp">
      <Filter>Source Files</Filter>
    </ClCompile>
    <ClCompile Include="C:\Users\hky75\Documents\GitHub\hlsdk-xash3d\dlls\bloater.cpp">
      <Filter>Source Files</Filter>
    </ClCompile>
    <ClCompile Include="C:\Users\hky75\Documents\GitHub\hlsdk-xash3d\dlls\bmodels.cpp">
      <Filter>Source Files</Filter>
    </ClCompile>
    <ClCompile Include="C:\Users\hky75\Documents\GitHub\hlsdk-xash3d\dlls\bullsquid.cpp">
      <Filter>Source Files</Filter>
    </ClCompile>
    <ClCompile Include="C:\Users\hky75\Documents\GitHub\hlsdk-xash3d\dlls\buttons.cpp">
      <Filter>Source Files</Filter>
    </ClCompile>
    <ClCompile Include="C:\Users\hky75\Documents\GitHub\hlsdk-xash3d\dlls\cbase.cpp">
      <Filter>Source Files</Filter>
    </ClCompile>
    <ClCompile Include="C:\Users\hky75\Documents\GitHub\hlsdk-xash3d\dlls\client.cpp">
      <Filter>Source Files</Filter>
    </ClCompile>
    <ClCompile Include="C:\Users\hky75\Documents\GitHub\hlsdk-xash3d\dlls\combat.cpp">
      <Filter>Source Files</Filter>
    </ClCompile>
    <ClCompile Include="C:\Users\hky75\Documents\GitHub\hlsdk-xash3d\dlls\controller.cpp">
      <Filter>Source Files</Filter>
    </ClCompile>
    <ClCompile Include="C:\Users\hky75\Documents\GitHub\hlsdk-xash3d\dlls\crossbow.cpp">
      <Filter>Source Files</Filter>
    </ClCompile>
    <ClCompile Include="C:\Users\hky75\Documents\GitHub\hlsdk-xash3d\dlls\crowbar.cpp">
      <Filter>Source Files</Filter>
    </ClCompile>
    <ClCompile Include="C:\Users\hky75\Documents\GitHub\hlsdk-xash3d\dlls\defaultai.cpp">
      <Filter>Source Files</Filter>
    </ClCompile>
    <ClCompile Include="C:\Users\hky75\Documents\GitHub\hlsdk-xash3d\dlls\doors.cpp">
      <Filter>Source Files</Filter>
    </ClCompile>
    <ClCompile Include="C:\Users\hky75\Documents\GitHub\hlsdk-xash3d\dlls\effects.cpp">
      <Filter>Source Files</Filter>
    </ClCompile>
    <ClCompile Include="C:\Users\hky75\Documents\GitHub\hlsdk-xash3d\dlls\egon.cpp">
      <Filter>Source Files</Filter>
    </ClCompile>
    <ClCompile Include="C:\Users\hky75\Documents\GitHub\hlsdk-xash3d\dlls\explode.cpp">
      <Filter>Source Files</Filter>
    </ClCompile>
    <ClCompile Include="C:\Users\hky75\Documents\GitHub\hlsdk-xash3d\dlls\flyingmonster.cpp">
      <Filter>Source Files</Filter>
    </ClCompile>
    <ClCompile Include="C:\Users\hky75\Documents\GitHub\hlsdk-xash3d\dlls\func_break.cpp">
      <Filter>Source Files</Filter>
    </ClCompile>
    <ClCompile Include="C:\Users\hky75\Documents\GitHub\hlsdk-xash3d\dlls\func_tank.cpp">
      <Filter>Source Files</Filter>
    </ClCompile>
    <ClCompile Include="C:\Users\hky75\Documents\GitHub\hlsdk-xash3d\dlls\game.cpp">
      <Filter>Source Files</Filter>
    </ClCompile>
    <ClCompile Include="C:\Users\hky75\Documents\GitHub\hlsdk-xash3d\dlls\gamerules.cpp">
      <Filter>Source Files</Filter>
    </ClCompile>
    <ClCompile Include="C:\Users\hky75\Documents\GitHub\hlsdk-xash3d\dlls\gargantua.cpp">
      <Filter>Source Files</Filter>
    </ClCompile>
    <ClCompile Include="C:\Users\hky75\Documents\GitHub\hlsdk-xash3d\dlls\gauss.cpp">
      <Filter>Source Files</Filter>
    </ClCompile>
    <ClCompile Include="C:\Users\hky75\Documents\GitHub\hlsdk-xash3d\dlls\genericmonster.cpp">
      <Filter>Source Files</Filter>
    </ClCompile>
    <ClCompile Include="C:\Users\hky75\Documents\GitHub\hlsdk-xash3d\dlls\ggrenade.cpp">
      <Filter>Source Files</Filter>
    </ClCompile>
    <ClCompile Include="C:\Users\hky75\Documents\GitHub\hlsdk-xash3d\dlls\globals.cpp">
      <Filter>Source Files</Filter>
    </ClCompile>
    <ClCompile Include="C:\Users\hky75\Documents\GitHub\hlsdk-xash3d\dlls\glock.cpp">
      <Filter>Source Files</Filter>
    </ClCompile>
    <ClCompile Include="C:\Users\hky75\Documents\GitHub\hlsdk-xash3d\dlls\gman.cpp">
      <Filter>Source Files</Filter>
    </ClCompile>
    <ClCompile Include="C:\Users\hky75\Documents\GitHub\hlsdk-xash3d\dlls\h_ai.cpp">
      <Filter>Source Files</Filter>
    </ClCompile>
    <ClCompile Include="C:\Users\hky75\Documents\GitHub\hlsdk-xash3d\dlls\h_battery.cpp">
      <Filter>Source Files</Filter>
    </ClCompile>
    <ClCompile Include="C:\Users\hky75\Documents\GitHub\hlsdk-xash3d\dlls\h_cine.cpp">
      <Filter>Source Files</Filter>
    </ClCompile>
    <ClCompile Include="C:\Users\hky75\Documents\GitHub\hlsdk-xash3d\dlls\h_cycler.cpp">
      <Filter>Source Files</Filter>
    </ClCompile>
    <ClCompile Include="C:\Users\hky75\Documents\GitHub\hlsdk-xash3d\dlls\h_export.cpp">
      <Filter>Source Files</Filter>
    </ClCompile>
    <ClCompile Include="C:\Users\hky75\Documents\GitHub\hlsdk-xash3d\dlls\handgrenade.cpp">
      <Filter>Source Files</Filter>
    </ClCompile>
    <ClCompile Include="C:\Users\hky75\Documents\GitHub\hlsdk-xash3d\dlls\hassassin.cpp">
      <Filter>Source Files</Filter>
    </ClCompile>
    <ClCompile Include="C:\Users\hky75\Documents\GitHub\hlsdk-xash3d\dlls\headcrab.cpp">
      <Filter>Source Files</Filter>
    </ClCompile>
    <ClCompile Include="C:\Users\hky75\Documents\GitHub\hlsdk-xash3d\dlls\healthkit.cpp">
      <Filter>Source Files</Filter>
    </ClCompile>
    <ClCompile Include="C:\Users\hky75\Documents\GitHub\hlsdk-xash3d\dlls\hgrunt.cpp">
      <Filter>Source Files</Filter>
    </ClCompile>
    <ClCompile Include="C:\Users\hky75\Documents\GitHub\hlsdk-xash3d\dlls\hornet.cpp">
      <Filter>Source Files</Filter>
    </ClCompile>
    <ClCompile Include="C:\Users\hky75\Documents\GitHub\hlsdk-xash3d\dlls\hornetgun.cpp">
      <Filter>Source Files</Filter>
    </ClCompile>
    <ClCompile Include="C:\Users\hky75\Documents\GitHub\hlsdk-xash3d\dlls\houndeye.cpp">
      <Filter>Source Files</Filter>
    </ClCompile>
    <ClCompile Include="C:\Users\hky75\Documents\GitHub\hlsdk-xash3d\dlls\ichthyosaur.cpp">
      <Filter>Source Files</Filter>
    </ClCompile>
    <ClCompile Include="C:\Users\hky75\Documents\GitHub\hlsdk-xash3d\dlls\islave.cpp">
      <Filter>Source Files</Filter>
    </ClCompile>
    <ClCompile Include="C:\Users\hky75\Documents\GitHub\hlsdk-xash3d\dlls\items.cpp">
      <Filter>Source Files</Filter>
    </ClCompile>
    <ClCompile Include="C:\Users\hky75\Documents\GitHub\hlsdk-xash3d\dlls\leech.cpp">
      <Filter>Source Files</Filter>
    </ClCompile>
    <ClCompile Include="C:\Users\hky75\Documents\GitHub\hlsdk-xash3d\dlls\lights.cpp">
      <Filter>Source Files</Filter>
    </ClCompile>
    <ClCompile Include="C:\Users\hky75\Documents\GitHub\hlsdk-xash3d\dlls\maprules.cpp">
      <Filter>Source Files</Filter>
    </ClCompile>
    <ClCompile Include="C:\Users\hky75\Documents\GitHub\hlsdk-xash3d\dlls\monstermaker.cpp">
      <Filter>Source Files</Filter>
    </ClCompile>
    <ClCompile Include="C:\Users\hky75\Documents\GitHub\hlsdk-xash3d\dlls\monsters.cpp">
      <Filter>Source Files</Filter>
    </ClCompile>
    <ClCompile Include="C:\Users\hky75\Documents\GitHub\hlsdk-xash3d\dlls\monsterstate.cpp">
      <Filter>Source Files</Filter>
    </ClCompile>
    <ClCompile Include="C:\Users\hky75\Documents\GitHub\hlsdk-xash3d\dlls\mortar.cpp">
      <Filter>Source Files</Filter>
    </ClCompile>
    <ClCompile Include="C:\Users\hky75\Documents\GitHub\hlsdk-xash3d\dlls\mp5.cpp">
      <Filter>Source Files</Filter>
    </ClCompile>
    <ClCompile Include="C:\Users\hky75\Documents\GitHub\hlsdk-xash3d\dlls\multiplay_gamerules.cpp">
      <Filter>Source Files</Filter>
    </ClCompile>
    <ClCompile Include="C:\Users\hky75\Documents\GitHub\hlsdk-xash3d\dlls\nihilanth.cpp">
      <Filter>Source Files</Filter>
    </ClCompile>
    <ClCompile Include="C:\Users\hky75\Documents\GitHub\hlsdk-xash3d\dlls\nodes.cpp">
      <Filter>Source Files</Filter>
    </ClCompile>
    <ClCompile Include="C:\Users\hky75\Documents\GitHub\hlsdk-xash3d\dlls\observer.cpp">
      <Filter>Source Files</Filter>
    </ClCompile>
    <ClCompile Include="C:\Users\hky75\Documents\GitHub\hlsdk-xash3d\dlls\osprey.cpp">
      <Filter>Source Files</Filter>
    </ClCompile>
    <ClCompile Include="C:\Users\hky75\Documents\GitHub\hlsdk-xash3d\dlls\pathcorner.cpp">
      <Filter>Source Files</Filter>
    </ClCompile>
    <ClCompile Include="C:\Users\hky75\Documents\GitHub\hlsdk-xash3d\dlls\plane.cpp">
      <Filter>Source Files</Filter>
    </ClCompile>
    <ClCompile Include="C:\Users\hky75\Documents\GitHub\hlsdk-xash3d\dlls\plats.cpp">
      <Filter>Source Files</Filter>
    </ClCompile>
    <ClCompile Include="C:\Users\hky75\Documents\GitHub\hlsdk-xash3d\dlls\player.cpp">
      <Filter>Source Files</Filter>
    </ClCompile>
    <ClCompile Include="C:\Users\hky75\Documents\GitHub\hlsdk-xash3d\dlls\playermonster.cpp">
      <Filter>Source Files</Filter>
    </ClCompile>
    <ClCompile Include="C:\Users\hky75\Documents\GitHub\hlsdk-xash3d\dlls\python.cpp">
      <Filter>Source Files</Filter>
    </ClCompile>
    <ClCompile Include="C:\Users\hky75\Documents\GitHub\hlsdk-xash3d\dlls\rat.cpp">
      <Filter>Source Files</Filter>
    </ClCompile>
    <ClCompile Include="C:\Users\hky75\Documents\GitHub\hlsdk-xash3d\dlls\roach.cpp">
      <Filter>Source Files</Filter>
    </ClCompile>
    <ClCompile Include="C:\Users\hky75\Documents\GitHub\hlsdk-xash3d\dlls\rpg.cpp">
      <Filter>Source Files</Filter>
    </ClCompile>
    <ClCompile Include="C:\Users\hky75\Documents\GitHub\hlsdk-xash3d\dlls\satchel.cpp">
      <Filter>Source Files</Filter>
    </ClCompile>
    <ClCompile Include="C:\Users\hky75\Documents\GitHub\hlsdk-xash3d\dlls\schedule.cpp">
      <Filter>Source Files</Filter>
    </ClCompile>
    <ClCompile Include="C:\Users\hky75\Documents\GitHub\hlsdk-xash3d\dlls\scientist.cpp">
      <Filter>Source Files</Filter>
    </ClCompile>
    <ClCompile Include="C:\Users\hky75\Documents\GitHub\hlsdk-xash3d\dlls\scripted.cpp">
      <Filter>Source Files</Filter>
    </ClCompile>
    <ClCompile Include="C:\Users\hky75\Documents\GitHub\hlsdk-xash3d\dlls\shotgun.cpp">
      <Filter>Source Files</Filter>
    </ClCompile>
    <ClCompile Include="C:\Users\hky75\Documents\GitHub\hlsdk-xash3d\dlls\singleplay_gamerules.cpp">
      <Filter>Source Files</Filter>
    </ClCompile>
    <ClCompile Include="C:\Users\hky75\Documents\GitHub\hlsdk-xash3d\dlls\skill.cpp">
      <Filter>Source Files</Filter>
    </ClCompile>
    <ClCompile Include="C:\Users\hky75\Documents\GitHub\hlsdk-xash3d\dlls\sound.cpp">
      <Filter>Source Files</Filter>
    </ClCompile>
    <ClCompile Include="C:\Users\hky75\Documents\GitHub\hlsdk-xash3d\dlls\soundent.cpp">
      <Filter>Source Files</Filter>
    </ClCompile>
    <ClCompile Include="C:\Users\hky75\Documents\GitHub\hlsdk-xash3d\dlls\spectator.cpp">
      <Filter>Source Files</Filter>
    </ClCompile>
    <ClCompile Include="C:\Users\hky75\Documents\GitHub\hlsdk-xash3d\dlls\squadmonster.cpp">
      <Filter>Source Files</Filter>
    </ClCompile>
    <ClCompile Include="C:\Users\hky75\Documents\GitHub\hlsdk-xash3d\dlls\squeakgrenade.cpp">
      <Filter>Source Files</Filter>
    </ClCompile>
    <ClCompile Include="C:\Users\hky75\Documents\GitHub\hlsdk-xash3d\dlls\subs.cpp">
      <Filter>Source Files</Filter>
    </ClCompile>
    <ClCompile Include="C:\Users\hky75\Documents\GitHub\hlsdk-xash3d\dlls\talkmonster.cpp">
      <Filter>Source Files</Filter>
    </ClCompile>
    <ClCompile Include="C:\Users\hky75\Documents\GitHub\hlsdk-xash3d\dlls\teamplay_gamerules.cpp">
      <Filter>Source Files</Filter>
    </ClCompile>
    <ClCompile Include="C:\Users\hky75\Documents\GitHub\hlsdk-xash3d\dlls\tempmonster.cpp">
      <Filter>Source Files</Filter>
    </ClCompile>
    <ClCompile Include="C:\Users\hky75\Documents\GitHub\hlsdk-xash3d\dlls\tentacle.cpp">
      <Filter>Source Files</Filter>
    </ClCompile>
    <ClCompile Include="C:\Users\hky75\Documents\GitHub\hlsdk-xash3d\dlls\triggers.cpp">
      <Filter>Source Files</Filter>
    </ClCompile>
    <ClCompile Include="C:\Users\hky75\Documents\GitHub\hlsdk-xash3d\dlls\tripmine.cpp">
      <Filter>Source Files</Filter>
    </ClCompile>
    <ClCompile Include="C:\Users\hky75\Documents\GitHub\hlsdk-xash3d\dlls\turret.cpp">
      <Filter>Source Files</Filter>
    </ClCompile>
    <ClCompile Include="C:\Users\hky75\Documents\GitHub\hlsdk-xash3d\dlls\util.cpp">
      <Filter>Source Files</Filter>
    </ClCompile>
    <ClCompile Include="C:\Users\hky75\Documents\GitHub\hlsdk-xash3d\dlls\weapons.cpp">
      <Filter>Source Files</Filter>
    </ClCompile>
    <ClCompile Include="C:\Users\hky75\Documents\GitHub\hlsdk-xash3d\dlls\world.cpp">
      <Filter>Source Files</Filter>
    </ClCompile>
    <ClCompile Include="C:\Users\hky75\Documents\GitHub\hlsdk-xash3d\dlls\xen.cpp">
      <Filter>Source Files</Filter>
    </ClCompile>
    <ClCompile Include="C:\Users\hky75\Documents\GitHub\hlsdk-xash3d\dlls\zombie.cpp">
      <Filter>Source Files</Filter>
    </ClCompile>
    <ClCompile Include="C:\Users\hky75\Documents\GitHub\hlsdk-xash3d\pm_shared\pm_debug.c">
      <Filter>Source Files</Filter>
    </ClCompile>
    <ClCompile Include="C:\Users\hky75\Documents\GitHub\hlsdk-xash3d\pm_shared\pm_math.c">
      <Filter>Source Files</Filter>
    </ClCompile>
    <ClCompile Include="C:\Users\hky75\Documents\GitHub\hlsdk-xash3d\pm_shared\pm_shared.c">
      <Filter>Source Files</Filter>
    </ClCompile>
    <ClCompile Include="..\..\dlls\UF\buildable.cpp">
      <Filter>Source Files\UF</Filter>
    </ClCompile>
    <ClCompile Include="..\..\dlls\UF\wpn_bat.cpp">
      <Filter>Source Files\UF</Filter>
    </ClCompile>
    <ClCompile Include="..\..\dlls\UF\wpn_bonesaw.cpp">
      <Filter>Source Files\UF</Filter>
    </ClCompile>
    <ClCompile Include="..\..\dlls\UF\wpn_bottle.cpp">
      <Filter>Source Files\UF</Filter>
    </ClCompile>
    <ClCompile Include="..\..\dlls\UF\wpn_buildpda.cpp">
      <Filter>Source Files\UF</Filter>
    </ClCompile>
    <ClCompile Include="..\..\dlls\UF\wpn_butterfly.cpp">
      <Filter>Source Files\UF</Filter>
    </ClCompile>
    <ClCompile Include="..\..\dlls\UF\wpn_destroypda.cpp">
      <Filter>Source Files\UF</Filter>
    </ClCompile>
    <ClCompile Include="..\..\dlls\UF\wpn_disuisekit.cpp">
      <Filter>Source Files\UF</Filter>
    </ClCompile>
    <ClCompile Include="..\..\dlls\UF\wpn_fireaxe.cpp">
      <Filter>Source Files\UF</Filter>
    </ClCompile>
    <ClCompile Include="..\..\dlls\UF\wpn_fist.cpp">
      <Filter>Source Files\UF</Filter>
    </ClCompile>
    <ClCompile Include="..\..\dlls\UF\wpn_flamethrower.cpp">
      <Filter>Source Files\UF</Filter>
    </ClCompile>
    <ClCompile Include="..\..\dlls\UF\wpn_grenadelauncher.cpp">
      <Filter>Source Files\UF</Filter>
    </ClCompile>
    <ClCompile Include="..\..\dlls\UF\wpn_kukri.cpp">
      <Filter>Source Files\UF</Filter>
    </ClCompile>
    <ClCompile Include="..\..\dlls\UF\wpn_medigun.cpp">
      <Filter>Source Files\UF</Filter>
    </ClCompile>
    <ClCompile Include="..\..\dlls\UF\wpn_minigun.cpp">
      <Filter>Source Files\UF</Filter>
    </ClCompile>
    <ClCompile Include="..\..\dlls\UF\wpn_pistol.cpp">
      <Filter>Source Files\UF</Filter>
    </ClCompile>
    <ClCompile Include="..\..\dlls\UF\wpn_revolver.cpp">
      <Filter>Source Files\UF</Filter>
    </ClCompile>
    <ClCompile Include="..\..\dlls\UF\wpn_rocketlauncher.cpp">
      <Filter>Source Files\UF</Filter>
    </ClCompile>
    <ClCompile Include="..\..\dlls\UF\wpn_sapper.cpp">
      <Filter>Source Files\UF</Filter>
    </ClCompile>
    <ClCompile Include="..\..\dlls\UF\wpn_scattergun.cpp">
      <Filter>Source Files\UF</Filter>
    </ClCompile>
    <ClCompile Include="..\..\dlls\UF\wpn_shotgun.cpp">
      <Filter>Source Files\UF</Filter>
    </ClCompile>
    <ClCompile Include="..\..\dlls\UF\wpn_shovel.cpp">
      <Filter>Source Files\UF</Filter>
    </ClCompile>
    <ClCompile Include="..\..\dlls\UF\wpn_smg.cpp">
      <Filter>Source Files\UF</Filter>
    </ClCompile>
    <ClCompile Include="..\..\dlls\UF\wpn_smokegrenade.cpp">
      <Filter>Source Files\UF</Filter>
    </ClCompile>
    <ClCompile Include="..\..\dlls\UF\wpn_sniperifle.cpp">
      <Filter>Source Files\UF</Filter>
    </ClCompile>
    <ClCompile Include="..\..\dlls\UF\wpn_stickylauncher.cpp">
      <Filter>Source Files\UF</Filter>
    </ClCompile>
    <ClCompile Include="..\..\dlls\UF\wpn_syringegun.cpp">
      <Filter>Source Files\UF</Filter>
    </ClCompile>
    <ClCompile Include="..\..\dlls\UF\wpn_wrench.cpp">
      <Filter>Source Files\UF</Filter>
    </ClCompile>
    <ClCompile Include="..\..\game_shared\vgui_checkbutton2.cpp">
      <Filter>game_shared</Filter>
    </ClCompile>
    <ClCompile Include="..\..\game_shared\vgui_grid.cpp">
      <Filter>game_shared</Filter>
    </ClCompile>
    <ClCompile Include="..\..\game_shared\vgui_helpers.cpp">
      <Filter>game_shared</Filter>
    </ClCompile>
    <ClCompile Include="..\..\game_shared\vgui_listbox.cpp">
      <Filter>game_shared</Filter>
    </ClCompile>
    <ClCompile Include="..\..\game_shared\vgui_loadtga.cpp">
      <Filter>game_shared</Filter>
    </ClCompile>
    <ClCompile Include="..\..\game_shared\vgui_scrollbar2.cpp">
      <Filter>game_shared</Filter>
    </ClCompile>
    <ClCompile Include="..\..\game_shared\vgui_slider2.cpp">
      <Filter>game_shared</Filter>
    </ClCompile>
    <ClCompile Include="..\..\game_shared\voice_banmgr.cpp">
      <Filter>game_shared</Filter>
    </ClCompile>
    <ClCompile Include="..\..\game_shared\voice_gamemgr.cpp">
      <Filter>game_shared</Filter>
    </ClCompile>
    <ClCompile Include="..\..\game_shared\voice_status.cpp">
      <Filter>game_shared</Filter>
    </ClCompile>
    <ClCompile Include="..\..\game_shared\voice_vgui_tweakdlg.cpp">
      <Filter>game_shared</Filter>
    </ClCompile>
  </ItemGroup>
  <ItemGroup>
    <CustomBuild Include="C:\Users\hky75\Documents\GitHub\hlsdk-xash3d\dlls\CMakeLists.txt" />
  </ItemGroup>
  <ItemGroup>
    <Filter Include="Source Files">
      <UniqueIdentifier>{DB328606-13B9-38D8-9872-A524A7323D1C}</UniqueIdentifier>
    </Filter>
    <Filter Include="Source Files\UF">
      <UniqueIdentifier>{17372169-9998-4705-855b-82da78e72cbb}</UniqueIdentifier>
    </Filter>
    <Filter Include="pm_shared">
      <UniqueIdentifier>{8819aa41-4b67-44f1-82fa-725ffb98ef66}</UniqueIdentifier>
    </Filter>
    <Filter Include="common">
      <UniqueIdentifier>{2dc8bd04-12e1-4aa2-a946-ac3434c78d96}</UniqueIdentifier>
    </Filter>
    <Filter Include="engine">
      <UniqueIdentifier>{d1992dfc-eb56-4554-aaaf-08cae16c0453}</UniqueIdentifier>
    </Filter>
    <Filter Include="game_shared">
      <UniqueIdentifier>{d37f29a8-ac6e-4096-9755-3393279b4f4e}</UniqueIdentifier>
    </Filter>
    <Filter Include="utils">
      <UniqueIdentifier>{63ec3851-14f0-4141-b15b-3758ebc66968}</UniqueIdentifier>
    </Filter>
    <Filter Include="public">
      <UniqueIdentifier>{829c3870-7cde-4808-be01-55f24f4248c9}</UniqueIdentifier>
    </Filter>
  </ItemGroup>
  <ItemGroup>
    <ClInclude Include="..\..\dlls\UF\buildable.h">
      <Filter>Source Files\UF</Filter>
    </ClInclude>
    <ClInclude Include="..\..\pm_shared\pm_debug.h">
      <Filter>pm_shared</Filter>
    </ClInclude>
    <ClInclude Include="..\..\pm_shared\pm_defs.h">
      <Filter>pm_shared</Filter>
    </ClInclude>
    <ClInclude Include="..\..\pm_shared\pm_info.h">
      <Filter>pm_shared</Filter>
    </ClInclude>
    <ClInclude Include="..\..\pm_shared\pm_materials.h">
      <Filter>pm_shared</Filter>
    </ClInclude>
    <ClInclude Include="..\..\pm_shared\pm_movevars.h">
      <Filter>pm_shared</Filter>
    </ClInclude>
    <ClInclude Include="..\..\pm_shared\pm_shared.h">
      <Filter>pm_shared</Filter>
    </ClInclude>
    <ClInclude Include="..\..\common\beamdef.h">
      <Filter>common</Filter>
    </ClInclude>
    <ClInclude Include="..\..\common\ckfvars.h">
      <Filter>common</Filter>
    </ClInclude>
    <ClInclude Include="..\..\common\cl_entity.h">
      <Filter>common</Filter>
    </ClInclude>
    <ClInclude Include="..\..\common\com_model.h">
      <Filter>common</Filter>
    </ClInclude>
    <ClInclude Include="..\..\common\con_nprint.h">
      <Filter>common</Filter>
    </ClInclude>
    <ClInclude Include="..\..\common\const.h">
      <Filter>common</Filter>
    </ClInclude>
    <ClInclude Include="..\..\common\cvardef.h">
      <Filter>common</Filter>
    </ClInclude>
    <ClInclude Include="..\..\common\demo_api.h">
      <Filter>common</Filter>
    </ClInclude>
    <ClInclude Include="..\..\common\dlight.h">
      <Filter>common</Filter>
    </ClInclude>
    <ClInclude Include="..\..\common\entity_state.h">
      <Filter>common</Filter>
    </ClInclude>
    <ClInclude Include="..\..\common\entity_types.h">
      <Filter>common</Filter>
    </ClInclude>
    <ClInclude Include="..\..\common\event_api.h">
      <Filter>common</Filter>
    </ClInclude>
    <ClInclude Include="..\..\common\event_args.h">
      <Filter>common</Filter>
    </ClInclude>
    <ClInclude Include="..\..\common\event_flags.h">
      <Filter>common</Filter>
    </ClInclude>
    <ClInclude Include="..\..\common\hltv.h">
      <Filter>common</Filter>
    </ClInclude>
    <ClInclude Include="..\..\common\ivoicetweak.h">
      <Filter>common</Filter>
    </ClInclude>
    <ClInclude Include="..\..\common\mathlib.h">
      <Filter>common</Filter>
    </ClInclude>
    <ClInclude Include="..\..\common\net_api.h">
      <Filter>common</Filter>
    </ClInclude>
    <ClInclude Include="..\..\common\netadr.h">
      <Filter>common</Filter>
    </ClInclude>
    <ClInclude Include="..\..\common\particledef.h">
      <Filter>common</Filter>
    </ClInclude>
    <ClInclude Include="..\..\common\pmtrace.h">
      <Filter>common</Filter>
    </ClInclude>
    <ClInclude Include="..\..\common\qfont.h">
      <Filter>common</Filter>
    </ClInclude>
    <ClInclude Include="..\..\common\r_efx.h">
      <Filter>common</Filter>
    </ClInclude>
    <ClInclude Include="..\..\common\r_studioint.h">
      <Filter>common</Filter>
    </ClInclude>
    <ClInclude Include="..\..\common\ref_int.h">
      <Filter>common</Filter>
    </ClInclude>
    <ClInclude Include="..\..\common\ref_params.h">
      <Filter>common</Filter>
    </ClInclude>
    <ClInclude Include="..\..\common\screenfade.h">
      <Filter>common</Filter>
    </ClInclude>
    <ClInclude Include="..\..\common\studio_event.h">
      <Filter>common</Filter>
    </ClInclude>
    <ClInclude Include="..\..\common\triangleapi.h">
      <Filter>common</Filter>
    </ClInclude>
    <ClInclude Include="..\..\common\usercmd.h">
      <Filter>common</Filter>
    </ClInclude>
    <ClInclude Include="..\..\common\wadfile.h">
      <Filter>common</Filter>
    </ClInclude>
    <ClInclude Include="..\..\common\weaponinfo.h">
      <Filter>common</Filter>
    </ClInclude>
    <ClInclude Include="..\..\engine\anorms.h">
      <Filter>engine</Filter>
    </ClInclude>
    <ClInclude Include="..\..\engine\cdll_int.h">
      <Filter>engine</Filter>
    </ClInclude>
    <ClInclude Include="..\..\engine\custom.h">
      <Filter>engine</Filter>
    </ClInclude>
    <ClInclude Include="..\..\engine\customentity.h">
      <Filter>engine</Filter>
    </ClInclude>
    <ClInclude Include="..\..\engine\edict.h">
      <Filter>engine</Filter>
    </ClInclude>
    <ClInclude Include="..\..\engine\eiface.h">
      <Filter>engine</Filter>
    </ClInclude>
    <ClInclude Include="..\..\engine\keydefs.h">
      <Filter>engine</Filter>
    </ClInclude>
    <ClInclude Include="..\..\engine\mobility_int.h">
      <Filter>engine</Filter>
    </ClInclude>
    <ClInclude Include="..\..\engine\progdefs.h">
      <Filter>engine</Filter>
    </ClInclude>
    <ClInclude Include="..\..\engine\shake.h">
      <Filter>engine</Filter>
    </ClInclude>
    <ClInclude Include="..\..\engine\sprite.h">
      <Filter>engine</Filter>
    </ClInclude>
    <ClInclude Include="..\..\engine\studio.h">
      <Filter>engine</Filter>
    </ClInclude>
    <ClInclude Include="..\..\game_shared\bitvec.h">
      <Filter>game_shared</Filter>
    </ClInclude>
    <ClInclude Include="..\..\game_shared\vgui_checkbutton2.h">
      <Filter>game_shared</Filter>
    </ClInclude>
    <ClInclude Include="..\..\game_shared\vgui_defaultinputsignal.h">
      <Filter>game_shared</Filter>
    </ClInclude>
    <ClInclude Include="..\..\game_shared\vgui_grid.h">
      <Filter>game_shared</Filter>
    </ClInclude>
    <ClInclude Include="..\..\game_shared\vgui_helpers.h">
      <Filter>game_shared</Filter>
    </ClInclude>
    <ClInclude Include="..\..\game_shared\vgui_listbox.h">
      <Filter>game_shared</Filter>
    </ClInclude>
    <ClInclude Include="..\..\game_shared\vgui_loadtga.h">
      <Filter>game_shared</Filter>
    </ClInclude>
    <ClInclude Include="..\..\game_shared\vgui_scrollbar2.h">
      <Filter>game_shared</Filter>
    </ClInclude>
    <ClInclude Include="..\..\game_shared\vgui_slider2.h">
      <Filter>game_shared</Filter>
    </ClInclude>
    <ClInclude Include="..\..\game_shared\voice_banmgr.h">
      <Filter>game_shared</Filter>
    </ClInclude>
    <ClInclude Include="..\..\game_shared\voice_common.h">
      <Filter>game_shared</Filter>
    </ClInclude>
    <ClInclude Include="..\..\game_shared\voice_gamemgr.h">
      <Filter>game_shared</Filter>
    </ClInclude>
    <ClInclude Include="..\..\game_shared\voice_status.h">
      <Filter>game_shared</Filter>
    </ClInclude>
    <ClInclude Include="..\..\game_shared\voice_vgui_tweakdlg.h">
      <Filter>game_shared</Filter>
    </ClInclude>
    <ClInclude Include="..\..\utils\false_vgui\include\VGUI.h">
      <Filter>utils</Filter>
    </ClInclude>
    <ClInclude Include="..\..\utils\false_vgui\include\VGUI_App.h">
      <Filter>utils</Filter>
    </ClInclude>
    <ClInclude Include="..\..\utils\false_vgui\include\VGUI_Color.h">
      <Filter>utils</Filter>
    </ClInclude>
    <ClInclude Include="..\..\utils\false_vgui\include\VGUI_Cursor.h">
      <Filter>utils</Filter>
    </ClInclude>
    <ClInclude Include="..\..\utils\false_vgui\include\VGUI_Dar.h">
      <Filter>utils</Filter>
    </ClInclude>
    <ClInclude Include="..\..\utils\false_vgui\include\VGUI_KeyCode.h">
      <Filter>utils</Filter>
    </ClInclude>
    <ClInclude Include="..\..\utils\false_vgui\include\VGUI_MouseCode.h">
      <Filter>utils</Filter>
    </ClInclude>
    <ClInclude Include="..\..\utils\false_vgui\include\VGUI_Panel.h">
      <Filter>utils</Filter>
    </ClInclude>
    <ClInclude Include="..\..\utils\false_vgui\include\VGUI_Scheme.h">
      <Filter>utils</Filter>
    </ClInclude>
    <ClInclude Include="..\..\public\build.h">
      <Filter>public</Filter>
    </ClInclude>
  </ItemGroup>
</Project>