<?xml version="1.0" encoding="utf-8"?>
<Project ToolsVersion="16.0" xmlns="http://schemas.microsoft.com/developer/msbuild/2003">
  <ItemGroup>
    <CustomBuild Include="C:\Users\hky75\Documents\GitHub\hlsdk-xash3d\project\CMakeFiles\2db6084e3c252babcf606a8067e039ad\INSTALL_force.rule">
      <Filter>CMake Rules</Filter>
    </CustomBuild>
  </ItemGroup>
  <ItemGroup>
    <Filter Include="CMake Rules">
      <UniqueIdentifier>{58C29AB1-FB0C-3862-BA7C-366F79FDBB06}</UniqueIdentifier>
    </Filter>
  </ItemGroup>
</Project>
